
Microsoft Visual Studio Solution File, Format Version 12.00
# Visual Studio Version 17
VisualStudioVersion = 17.8.34316.72
MinimumVisualStudioVersion = 10.0.40219.1
Project("{FAE04EC0-301F-11D3-BF4B-00C04F79EFBC}") = "picopublish", "picopublish\picopublish.csproj", "{32B0CB40-C101-4AD4-A3B4-DC5E1F639C3D}"
EndProject
Global
	GlobalSection(SolutionConfigurationPlatforms) = preSolution
		Debug|Any CPU = Debug|Any CPU
		Release|Any CPU = Release|Any CPU
	EndGlobalSection
	GlobalSection(ProjectConfigurationPlatforms) = postSolution
		{32B0CB40-C101-4AD4-A3B4-DC5E1F639C3D}.Debug|Any CPU.ActiveCfg = Debug|Any CPU
		{32B0CB40-C101-4AD4-A3B4-DC5E1F639C3D}.Debug|Any CPU.Build.0 = Debug|Any CPU
		{32B0CB40-C101-4AD4-A3B4-DC5E1F639C3D}.Release|Any CPU.ActiveCfg = Release|Any CPU
		{32B0CB40-C101-4AD4-A3B4-DC5E1F639C3D}.Release|Any CPU.Build.0 = Release|Any CPU
	EndGlobalSection
	GlobalSection(SolutionProperties) = preSolution
		HideSolutionNode = FALSE
	EndGlobalSection
	GlobalSection(ExtensibilityGlobals) = postSolution
		SolutionGuid = {2CB7D5D4-5B98-4038-9EDC-687603643361}
	EndGlobalSection
EndGlobal
